
Microsoft Visual Studio Solution File, Format Version 12.00
# Visual Studio 15
VisualStudioVersion = 15.0.27130.2010
MinimumVisualStudioVersion = 10.0.40219.1
Project("{FAE04EC0-301F-11D3-BF4B-00C04F79EFBC}") = "InheritanceExample", "InheritanceExample\InheritanceExample.csproj", "{573C281F-73AF-4671-A92A-AD527C9D13D9}"
EndProject
Global
	GlobalSection(SolutionConfigurationPlatforms) = preSolution
		Debug|Any CPU = Debug|Any CPU
		Release|Any CPU = Release|Any CPU
	EndGlobalSection
	GlobalSection(ProjectConfigurationPlatforms) = postSolution
		{573C281F-73AF-4671-A92A-AD527C9D13D9}.Debug|Any CPU.ActiveCfg = Debug|Any CPU
		{573C281F-73AF-4671-A92A-AD527C9D13D9}.Debug|Any CPU.Build.0 = Debug|Any CPU
		{573C281F-73AF-4671-A92A-AD527C9D13D9}.Release|Any CPU.ActiveCfg = Release|Any CPU
		{573C281F-73AF-4671-A92A-AD527C9D13D9}.Release|Any CPU.Build.0 = Release|Any CPU
	EndGlobalSection
	GlobalSection(SolutionProperties) = preSolution
		HideSolutionNode = FALSE
	EndGlobalSection
	GlobalSection(ExtensibilityGlobals) = postSolution
		SolutionGuid = {49EC79C7-F8DA-4296-A60A-CBC3EB6A8398}
	EndGlobalSection
EndGlobal
